// !$*UTF8*$!
{
	archiveVersion = 1;
	classes = {
	};
	objectVersion = 50;
	objects = {

/* Begin PBXBuildFile section */
		7B02D69025842C4A00C27320 /* AppDelegate.swift in Sources */ = {isa = PBXBuildFile; fileRef = 7B02D68F25842C4A00C27320 /* AppDelegate.swift */; };
		7B02D69225842C4A00C27320 /* SceneDelegate.swift in Sources */ = {isa = PBXBuildFile; fileRef = 7B02D69125842C4A00C27320 /* SceneDelegate.swift */; };
		7B02D69425842C4A00C27320 /* ViewController.swift in Sources */ = {isa = PBXBuildFile; fileRef = 7B02D69325842C4A00C27320 /* ViewController.swift */; };
		7B02D69725842C4A00C27320 /* Main.storyboard in Resources */ = {isa = PBXBuildFile; fileRef = 7B02D69525842C4A00C27320 /* Main.storyboard */; };
		7B02D69925842C4E00C27320 /* Assets.xcassets in Resources */ = {isa = PBXBuildFile; fileRef = 7B02D69825842C4E00C27320 /* Assets.xcassets */; };
		7B02D69C25842C4E00C27320 /* LaunchScreen.storyboard in Resources */ = {isa = PBXBuildFile; fileRef = 7B02D69A25842C4E00C27320 /* LaunchScreen.storyboard */; };
		7B02D6A525842C9800C27320 /* ForecastDaily.swift in Sources */ = {isa = PBXBuildFile; fileRef = 7B02D6A425842C9800C27320 /* ForecastDaily.swift */; };
		7B02D6A825842CF700C27320 /* ForecastTableViewCell.swift in Sources */ = {isa = PBXBuildFile; fileRef = 7B02D6A725842CF700C27320 /* ForecastTableViewCell.swift */; };
		7B02D6AB25842D1500C27320 /* UIView+Shadow.swift in Sources */ = {isa = PBXBuildFile; fileRef = 7B02D6AA25842D1500C27320 /* UIView+Shadow.swift */; };
		7B6D493325DE7E8E00EC2F2B /* UIView+CornerRadius.swift in Sources */ = {isa = PBXBuildFile; fileRef = 7B6D493225DE7E8E00EC2F2B /* UIView+CornerRadius.swift */; };
		7B95FE48259FB50200573DBA /* APIManager.swift in Sources */ = {isa = PBXBuildFile; fileRef = 7B95FE47259FB50200573DBA /* APIManager.swift */; };
		7B95FE4B259FB81F00573DBA /* ViewModel.swift in Sources */ = {isa = PBXBuildFile; fileRef = 7B95FE4A259FB81F00573DBA /* ViewModel.swift */; };
		7B95FE4E259FB95800573DBA /* Observable.swift in Sources */ = {isa = PBXBuildFile; fileRef = 7B95FE4D259FB95800573DBA /* Observable.swift */; };
		7BA4079525A9DD6500032817 /* DailyForestViewController.swift in Sources */ = {isa = PBXBuildFile; fileRef = 7BA4079425A9DD6500032817 /* DailyForestViewController.swift */; };
		E458C4297CDD61803CC17E07 /* Pods_weather.framework in Frameworks */ = {isa = PBXBuildFile; fileRef = BAD33DBAF9ADE495726DCFB3 /* Pods_weather.framework */; };
/* End PBXBuildFile section */

/* Begin PBXFileReference section */
		560A38A6B422A07BC1A13052 /* Pods-weather.release.xcconfig */ = {isa = PBXFileReference; includeInIndex = 1; lastKnownFileType = text.xcconfig; name = "Pods-weather.release.xcconfig"; path = "Target Support Files/Pods-weather/Pods-weather.release.xcconfig"; sourceTree = "<group>"; };
		7B02D68F25842C4A00C27320 /* AppDelegate.swift */ = {isa = PBXFileReference; lastKnownFileType = sourcecode.swift; path = AppDelegate.swift; sourceTree = "<group>"; };
		7B02D69125842C4A00C27320 /* SceneDelegate.swift */ = {isa = PBXFileReference; lastKnownFileType = sourcecode.swift; path = SceneDelegate.swift; sourceTree = "<group>"; };
		7B02D69325842C4A00C27320 /* ViewController.swift */ = {isa = PBXFileReference; lastKnownFileType = sourcecode.swift; path = ViewController.swift; sourceTree = "<group>"; };
		7B02D69625842C4A00C27320 /* Base */ = {isa = PBXFileReference; lastKnownFileType = file.storyboard; name = Base; path = Base.lproj/Main.storyboard; sourceTree = "<group>"; };
		7B02D69825842C4E00C27320 /* Assets.xcassets */ = {isa = PBXFileReference; lastKnownFileType = folder.assetcatalog; path = Assets.xcassets; sourceTree = "<group>"; };
		7B02D69B25842C4E00C27320 /* Base */ = {isa = PBXFileReference; lastKnownFileType = file.storyboard; name = Base; path = Base.lproj/LaunchScreen.storyboard; sourceTree = "<group>"; };
		7B02D69D25842C4F00C27320 /* Info.plist */ = {isa = PBXFileReference; lastKnownFileType = text.plist.xml; path = Info.plist; sourceTree = "<group>"; };
		7B02D6A425842C9800C27320 /* ForecastDaily.swift */ = {isa = PBXFileReference; lastKnownFileType = sourcecode.swift; path = ForecastDaily.swift; sourceTree = "<group>"; };
		7B02D6A725842CF700C27320 /* ForecastTableViewCell.swift */ = {isa = PBXFileReference; lastKnownFileType = sourcecode.swift; path = ForecastTableViewCell.swift; sourceTree = "<group>"; };
		7B02D6AA25842D1500C27320 /* UIView+Shadow.swift */ = {isa = PBXFileReference; lastKnownFileType = sourcecode.swift; path = "UIView+Shadow.swift"; sourceTree = "<group>"; };
		7B6D493225DE7E8E00EC2F2B /* UIView+CornerRadius.swift */ = {isa = PBXFileReference; lastKnownFileType = sourcecode.swift; path = "UIView+CornerRadius.swift"; sourceTree = "<group>"; };
		7B95FE47259FB50200573DBA /* APIManager.swift */ = {isa = PBXFileReference; lastKnownFileType = sourcecode.swift; path = APIManager.swift; sourceTree = "<group>"; };
		7B95FE4A259FB81F00573DBA /* ViewModel.swift */ = {isa = PBXFileReference; lastKnownFileType = sourcecode.swift; path = ViewModel.swift; sourceTree = "<group>"; };
		7B95FE4D259FB95800573DBA /* Observable.swift */ = {isa = PBXFileReference; lastKnownFileType = sourcecode.swift; path = Observable.swift; sourceTree = "<group>"; };
		7BA4079425A9DD6500032817 /* DailyForestViewController.swift */ = {isa = PBXFileReference; lastKnownFileType = sourcecode.swift; path = DailyForestViewController.swift; sourceTree = "<group>"; };
		8AC34FDB25F5061500F456B0 /* weather.app */ = {isa = PBXFileReference; explicitFileType = wrapper.application; includeInIndex = 0; path = weather.app; sourceTree = BUILT_PRODUCTS_DIR; };
		BAD33DBAF9ADE495726DCFB3 /* Pods_weather.framework */ = {isa = PBXFileReference; explicitFileType = wrapper.framework; includeInIndex = 0; path = Pods_weather.framework; sourceTree = BUILT_PRODUCTS_DIR; };
		EECBFB07DDCF3B8830E3C188 /* Pods-weather.debug.xcconfig */ = {isa = PBXFileReference; includeInIndex = 1; lastKnownFileType = text.xcconfig; name = "Pods-weather.debug.xcconfig"; path = "Target Support Files/Pods-weather/Pods-weather.debug.xcconfig"; sourceTree = "<group>"; };
/* End PBXFileReference section */

/* Begin PBXFrameworksBuildPhase section */
		7B02D68925842C4A00C27320 /* Frameworks */ = {
			isa = PBXFrameworksBuildPhase;
			buildActionMask = 2147483647;
			files = (
				E458C4297CDD61803CC17E07 /* Pods_weather.framework in Frameworks */,
			);
			runOnlyForDeploymentPostprocessing = 0;
		};
/* End PBXFrameworksBuildPhase section */

/* Begin PBXGroup section */
		1212E92F42CF5A36425D098C /* Pods */ = {
			isa = PBXGroup;
			children = (
				EECBFB07DDCF3B8830E3C188 /* Pods-weather.debug.xcconfig */,
				560A38A6B422A07BC1A13052 /* Pods-weather.release.xcconfig */,
			);
			path = Pods;
			sourceTree = "<group>";
		};
		2D581F33A69C14274598E615 /* Frameworks */ = {
			isa = PBXGroup;
			children = (
				BAD33DBAF9ADE495726DCFB3 /* Pods_weather.framework */,
			);
			name = Frameworks;
			sourceTree = "<group>";
		};
		7B02D68325842C4A00C27320 = {
			isa = PBXGroup;
			children = (
				7B02D68E25842C4A00C27320 /* weather */,
				1212E92F42CF5A36425D098C /* Pods */,
				2D581F33A69C14274598E615 /* Frameworks */,
				8AC34FDB25F5061500F456B0 /* weather.app */,
			);
			sourceTree = "<group>";
		};
		7B02D68E25842C4A00C27320 /* weather */ = {
			isa = PBXGroup;
			children = (
				7B02D68F25842C4A00C27320 /* AppDelegate.swift */,
				7B02D69125842C4A00C27320 /* SceneDelegate.swift */,
				7B95FE47259FB50200573DBA /* APIManager.swift */,
				7BA4079725A9F57A00032817 /* VCs */,
				7B95FE4A259FB81F00573DBA /* ViewModel.swift */,
				7B95FE4D259FB95800573DBA /* Observable.swift */,
				7B02D6A725842CF700C27320 /* ForecastTableViewCell.swift */,
				7B4E873F25A391B500C7C9D2 /* Extensions */,
				7B02D6A425842C9800C27320 /* ForecastDaily.swift */,
				7B02D69525842C4A00C27320 /* Main.storyboard */,
				7B02D69825842C4E00C27320 /* Assets.xcassets */,
				7B02D69A25842C4E00C27320 /* LaunchScreen.storyboard */,
				7B02D69D25842C4F00C27320 /* Info.plist */,
			);
			path = weather;
			sourceTree = "<group>";
		};
		7B4E873F25A391B500C7C9D2 /* Extensions */ = {
			isa = PBXGroup;
			children = (
				7B02D6AA25842D1500C27320 /* UIView+Shadow.swift */,
				7B6D493225DE7E8E00EC2F2B /* UIView+CornerRadius.swift */,
			);
			path = Extensions;
			sourceTree = "<group>";
		};
		7BA4079725A9F57A00032817 /* VCs */ = {
			isa = PBXGroup;
			children = (
				7B02D69325842C4A00C27320 /* ViewController.swift */,
				7BA4079425A9DD6500032817 /* DailyForestViewController.swift */,
			);
			path = VCs;
			sourceTree = "<group>";
		};
/* End PBXGroup section */

/* Begin PBXNativeTarget section */
		7B02D68B25842C4A00C27320 /* weather */ = {
			isa = PBXNativeTarget;
			buildConfigurationList = 7B02D6A025842C4F00C27320 /* Build configuration list for PBXNativeTarget "weather" */;
			buildPhases = (
				F416CAD4D5ECE621DC30B843 /* [CP] Check Pods Manifest.lock */,
				7B02D68825842C4A00C27320 /* Sources */,
				7B02D68925842C4A00C27320 /* Frameworks */,
				7B02D68A25842C4A00C27320 /* Resources */,
				7B02D6B0258430A400C27320 /* ShellScript */,
			);
			buildRules = (
			);
			dependencies = (
			);
			name = weather;
			productName = weather;
			productReference = 8AC34FDB25F5061500F456B0 /* weather.app */;
			productType = "com.apple.product-type.application";
		};
/* End PBXNativeTarget section */

/* Begin PBXProject section */
		7B02D68425842C4A00C27320 /* Project object */ = {
			isa = PBXProject;
			attributes = {
				LastSwiftUpdateCheck = 1200;
				LastUpgradeCheck = 1200;
				ORGANIZATIONNAME = "Aliaksei Parkhamovich";
				TargetAttributes = {
					7B02D68B25842C4A00C27320 = {
						CreatedOnToolsVersion = 12.0.1;
					};
				};
			};
			buildConfigurationList = 7B02D68725842C4A00C27320 /* Build configuration list for PBXProject "weather" */;
			compatibilityVersion = "Xcode 9.3";
			developmentRegion = en;
			hasScannedForEncodings = 0;
			knownRegions = (
				en,
				Base,
			);
			mainGroup = 7B02D68325842C4A00C27320;
			productRefGroup = 7B02D68325842C4A00C27320;
			projectDirPath = "";
			projectRoot = "";
			targets = (
				7B02D68B25842C4A00C27320 /* weather */,
			);
		};
/* End PBXProject section */

/* Begin PBXResourcesBuildPhase section */
		7B02D68A25842C4A00C27320 /* Resources */ = {
			isa = PBXResourcesBuildPhase;
			buildActionMask = 2147483647;
			files = (
				7B02D69C25842C4E00C27320 /* LaunchScreen.storyboard in Resources */,
				7B02D69925842C4E00C27320 /* Assets.xcassets in Resources */,
				7B02D69725842C4A00C27320 /* Main.storyboard in Resources */,
			);
			runOnlyForDeploymentPostprocessing = 0;
		};
/* End PBXResourcesBuildPhase section */

/* Begin PBXShellScriptBuildPhase section */
		7B02D6B0258430A400C27320 /* ShellScript */ = {
			isa = PBXShellScriptBuildPhase;
			buildActionMask = 2147483647;
			files = (
			);
			inputFileListPaths = (
			);
			inputPaths = (
			);
			outputFileListPaths = (
			);
			outputPaths = (
			);
			runOnlyForDeploymentPostprocessing = 0;
			shellPath = /bin/sh;
			shellScript = "\"${PODS_ROOT}/SwiftLint/swiftlint\"\n";
		};
		F416CAD4D5ECE621DC30B843 /* [CP] Check Pods Manifest.lock */ = {
			isa = PBXShellScriptBuildPhase;
			buildActionMask = 2147483647;
			files = (
			);
			inputFileListPaths = (
			);
			inputPaths = (
				"${PODS_PODFILE_DIR_PATH}/Podfile.lock",
				"${PODS_ROOT}/Manifest.lock",
			);
			name = "[CP] Check Pods Manifest.lock";
			outputFileListPaths = (
			);
			outputPaths = (
				"$(DERIVED_FILE_DIR)/Pods-weather-checkManifestLockResult.txt",
			);
			runOnlyForDeploymentPostprocessing = 0;
			shellPath = /bin/sh;
			shellScript = "diff \"${PODS_PODFILE_DIR_PATH}/Podfile.lock\" \"${PODS_ROOT}/Manifest.lock\" > /dev/null\nif [ $? != 0 ] ; then\n    # print error to STDERR\n    echo \"error: The sandbox is not in sync with the Podfile.lock. Run 'pod install' or update your CocoaPods installation.\" >&2\n    exit 1\nfi\n# This output is used by Xcode 'outputs' to avoid re-running this script phase.\necho \"SUCCESS\" > \"${SCRIPT_OUTPUT_FILE_0}\"\n";
			showEnvVarsInLog = 0;
		};
/* End PBXShellScriptBuildPhase section */

/* Begin PBXSourcesBuildPhase section */
		7B02D68825842C4A00C27320 /* Sources */ = {
			isa = PBXSourcesBuildPhase;
			buildActionMask = 2147483647;
			files = (
				7B02D6A525842C9800C27320 /* ForecastDaily.swift in Sources */,
				7B02D6A825842CF700C27320 /* ForecastTableViewCell.swift in Sources */,
				7B95FE4B259FB81F00573DBA /* ViewModel.swift in Sources */,
				7B02D69425842C4A00C27320 /* ViewController.swift in Sources */,
				7B95FE4E259FB95800573DBA /* Observable.swift in Sources */,
				7B02D69025842C4A00C27320 /* AppDelegate.swift in Sources */,
				7B6D493325DE7E8E00EC2F2B /* UIView+CornerRadius.swift in Sources */,
				7B02D6AB25842D1500C27320 /* UIView+Shadow.swift in Sources */,
				7B02D69225842C4A00C27320 /* SceneDelegate.swift in Sources */,
				7B95FE48259FB50200573DBA /* APIManager.swift in Sources */,
				7BA4079525A9DD6500032817 /* DailyForestViewController.swift in Sources */,
			);
			runOnlyForDeploymentPostprocessing = 0;
		};
/* End PBXSourcesBuildPhase section */

/* Begin PBXVariantGroup section */
		7B02D69525842C4A00C27320 /* Main.storyboard */ = {
			isa = PBXVariantGroup;
			children = (
				7B02D69625842C4A00C27320 /* Base */,
			);
			name = Main.storyboard;
			sourceTree = "<group>";
		};
		7B02D69A25842C4E00C27320 /* LaunchScreen.storyboard */ = {
			isa = PBXVariantGroup;
			children = (
				7B02D69B25842C4E00C27320 /* Base */,
			);
			name = LaunchScreen.storyboard;
			sourceTree = "<group>";
		};
/* End PBXVariantGroup section */

/* Begin XCBuildConfiguration section */
		7B02D69E25842C4F00C27320 /* Debug */ = {
			isa = XCBuildConfiguration;
			buildSettings = {
				ALWAYS_SEARCH_USER_PATHS = NO;
				CLANG_ANALYZER_NONNULL = YES;
				CLANG_ANALYZER_NUMBER_OBJECT_CONVERSION = YES_AGGRESSIVE;
				CLANG_CXX_LANGUAGE_STANDARD = "gnu++14";
				CLANG_CXX_LIBRARY = "libc++";
				CLANG_ENABLE_MODULES = YES;
				CLANG_ENABLE_OBJC_ARC = YES;
				CLANG_ENABLE_OBJC_WEAK = YES;
				CLANG_WARN_BLOCK_CAPTURE_AUTORELEASING = YES;
				CLANG_WARN_BOOL_CONVERSION = YES;
				CLANG_WARN_COMMA = YES;
				CLANG_WARN_CONSTANT_CONVERSION = YES;
				CLANG_WARN_DEPRECATED_OBJC_IMPLEMENTATIONS = YES;
				CLANG_WARN_DIRECT_OBJC_ISA_USAGE = YES_ERROR;
				CLANG_WARN_DOCUMENTATION_COMMENTS = YES;
				CLANG_WARN_EMPTY_BODY = YES;
				CLANG_WARN_ENUM_CONVERSION = YES;
				CLANG_WARN_INFINITE_RECURSION = YES;
				CLANG_WARN_INT_CONVERSION = YES;
				CLANG_WARN_NON_LITERAL_NULL_CONVERSION = YES;
				CLANG_WARN_OBJC_IMPLICIT_RETAIN_SELF = YES;
				CLANG_WARN_OBJC_LITERAL_CONVERSION = YES;
				CLANG_WARN_OBJC_ROOT_CLASS = YES_ERROR;
				CLANG_WARN_QUOTED_INCLUDE_IN_FRAMEWORK_HEADER = YES;
				CLANG_WARN_RANGE_LOOP_ANALYSIS = YES;
				CLANG_WARN_STRICT_PROTOTYPES = YES;
				CLANG_WARN_SUSPICIOUS_MOVE = YES;
				CLANG_WARN_UNGUARDED_AVAILABILITY = YES_AGGRESSIVE;
				CLANG_WARN_UNREACHABLE_CODE = YES;
				CLANG_WARN__DUPLICATE_METHOD_MATCH = YES;
				COPY_PHASE_STRIP = NO;
				DEBUG_INFORMATION_FORMAT = dwarf;
				ENABLE_STRICT_OBJC_MSGSEND = YES;
				ENABLE_TESTABILITY = YES;
				GCC_C_LANGUAGE_STANDARD = gnu11;
				GCC_DYNAMIC_NO_PIC = NO;
				GCC_NO_COMMON_BLOCKS = YES;
				GCC_OPTIMIZATION_LEVEL = 0;
				GCC_PREPROCESSOR_DEFINITIONS = (
					"DEBUG=1",
					"$(inherited)",
				);
				GCC_WARN_64_TO_32_BIT_CONVERSION = YES;
				GCC_WARN_ABOUT_RETURN_TYPE = YES_ERROR;
				GCC_WARN_UNDECLARED_SELECTOR = YES;
				GCC_WARN_UNINITIALIZED_AUTOS = YES_AGGRESSIVE;
				GCC_WARN_UNUSED_FUNCTION = YES;
				GCC_WARN_UNUSED_VARIABLE = YES;
				IPHONEOS_DEPLOYMENT_TARGET = 14.0;
				MTL_ENABLE_DEBUG_INFO = INCLUDE_SOURCE;
				MTL_FAST_MATH = YES;
				ONLY_ACTIVE_ARCH = YES;
				SDKROOT = iphoneos;
				SWIFT_ACTIVE_COMPILATION_CONDITIONS = DEBUG;
				SWIFT_OPTIMIZATION_LEVEL = "-Onone";
			};
			name = Debug;
		};
		7B02D69F25842C4F00C27320 /* Release */ = {
			isa = XCBuildConfiguration;
			buildSettings = {
				ALWAYS_SEARCH_USER_PATHS = NO;
				CLANG_ANALYZER_NONNULL = YES;
				CLANG_ANALYZER_NUMBER_OBJECT_CONVERSION = YES_AGGRESSIVE;
				CLANG_CXX_LANGUAGE_STANDARD = "gnu++14";
				CLANG_CXX_LIBRARY = "libc++";
				CLANG_ENABLE_MODULES = YES;
				CLANG_ENABLE_OBJC_ARC = YES;
				CLANG_ENABLE_OBJC_WEAK = YES;
				CLANG_WARN_BLOCK_CAPTURE_AUTORELEASING = YES;
				CLANG_WARN_BOOL_CONVERSION = YES;
				CLANG_WARN_COMMA = YES;
				CLANG_WARN_CONSTANT_CONVERSION = YES;
				CLANG_WARN_DEPRECATED_OBJC_IMPLEMENTATIONS = YES;
				CLANG_WARN_DIRECT_OBJC_ISA_USAGE = YES_ERROR;
				CLANG_WARN_DOCUMENTATION_COMMENTS = YES;
				CLANG_WARN_EMPTY_BODY = YES;
				CLANG_WARN_ENUM_CONVERSION = YES;
				CLANG_WARN_INFINITE_RECURSION = YES;
				CLANG_WARN_INT_CONVERSION = YES;
				CLANG_WARN_NON_LITERAL_NULL_CONVERSION = YES;
				CLANG_WARN_OBJC_IMPLICIT_RETAIN_SELF = YES;
				CLANG_WARN_OBJC_LITERAL_CONVERSION = YES;
				CLANG_WARN_OBJC_ROOT_CLASS = YES_ERROR;
				CLANG_WARN_QUOTED_INCLUDE_IN_FRAMEWORK_HEADER = YES;
				CLANG_WARN_RANGE_LOOP_ANALYSIS = YES;
				CLANG_WARN_STRICT_PROTOTYPES = YES;
				CLANG_WARN_SUSPICIOUS_MOVE = YES;
				CLANG_WARN_UNGUARDED_AVAILABILITY = YES_AGGRESSIVE;
				CLANG_WARN_UNREACHABLE_CODE = YES;
				CLANG_WARN__DUPLICATE_METHOD_MATCH = YES;
				COPY_PHASE_STRIP = NO;
				DEBUG_INFORMATION_FORMAT = "dwarf-with-dsym";
				ENABLE_NS_ASSERTIONS = NO;
				ENABLE_STRICT_OBJC_MSGSEND = YES;
				GCC_C_LANGUAGE_STANDARD = gnu11;
				GCC_NO_COMMON_BLOCKS = YES;
				GCC_WARN_64_TO_32_BIT_CONVERSION = YES;
				GCC_WARN_ABOUT_RETURN_TYPE = YES_ERROR;
				GCC_WARN_UNDECLARED_SELECTOR = YES;
				GCC_WARN_UNINITIALIZED_AUTOS = YES_AGGRESSIVE;
				GCC_WARN_UNUSED_FUNCTION = YES;
				GCC_WARN_UNUSED_VARIABLE = YES;
				IPHONEOS_DEPLOYMENT_TARGET = 14.0;
				MTL_ENABLE_DEBUG_INFO = NO;
				MTL_FAST_MATH = YES;
				SDKROOT = iphoneos;
				SWIFT_COMPILATION_MODE = wholemodule;
				SWIFT_OPTIMIZATION_LEVEL = "-O";
				VALIDATE_PRODUCT = YES;
			};
			name = Release;
		};
		7B02D6A125842C4F00C27320 /* Debug */ = {
			isa = XCBuildConfiguration;
			baseConfigurationReference = EECBFB07DDCF3B8830E3C188 /* Pods-weather.debug.xcconfig */;
			buildSettings = {
				ASSETCATALOG_COMPILER_APPICON_NAME = AppIcon;
				ASSETCATALOG_COMPILER_GLOBAL_ACCENT_COLOR_NAME = AccentColor;
				CODE_SIGN_STYLE = Automatic;
				DEVELOPMENT_TEAM = XMPAP34679;
				INFOPLIST_FILE = weather/Info.plist;
				LD_RUNPATH_SEARCH_PATHS = (
					"$(inherited)",
					"@executable_path/Frameworks",
				);
				PRODUCT_BUNDLE_IDENTIFIER = parkhamovich.weather;
				PRODUCT_NAME = "$(TARGET_NAME)";
				SWIFT_VERSION = 5.0;
				TARGETED_DEVICE_FAMILY = "1,2";
			};
			name = Debug;
		};
		7B02D6A225842C4F00C27320 /* Release */ = {
			isa = XCBuildConfiguration;
			baseConfigurationReference = 560A38A6B422A07BC1A13052 /* Pods-weather.release.xcconfig */;
			buildSettings = {
				ASSETCATALOG_COMPILER_APPICON_NAME = AppIcon;
				ASSETCATALOG_COMPILER_GLOBAL_ACCENT_COLOR_NAME = AccentColor;
				CODE_SIGN_STYLE = Automatic;
				DEVELOPMENT_TEAM = XMPAP34679;
				INFOPLIST_FILE = weather/Info.plist;
				LD_RUNPATH_SEARCH_PATHS = (
					"$(inherited)",
					"@executable_path/Frameworks",
				);
				PRODUCT_BUNDLE_IDENTIFIER = parkhamovich.weather;
				PRODUCT_NAME = "$(TARGET_NAME)";
				SWIFT_VERSION = 5.0;
				TARGETED_DEVICE_FAMILY = "1,2";
			};
			name = Release;
		};
/* End XCBuildConfiguration section */

/* Begin XCConfigurationList section */
		7B02D68725842C4A00C27320 /* Build configuration list for PBXProject "weather" */ = {
			isa = XCConfigurationList;
			buildConfigurations = (
				7B02D69E25842C4F00C27320 /* Debug */,
				7B02D69F25842C4F00C27320 /* Release */,
			);
			defaultConfigurationIsVisible = 0;
			defaultConfigurationName = Release;
		};
		7B02D6A025842C4F00C27320 /* Build configuration list for PBXNativeTarget "weather" */ = {
			isa = XCConfigurationList;
			buildConfigurations = (
				7B02D6A125842C4F00C27320 /* Debug */,
				7B02D6A225842C4F00C27320 /* Release */,
			);
			defaultConfigurationIsVisible = 0;
			defaultConfigurationName = Release;
		};
/* End XCConfigurationList section */
	};
	rootObject = 7B02D68425842C4A00C27320 /* Project object */;
}
